
Microsoft Visual Studio Solution File, Format Version 12.00
# Visual Studio Version 16
VisualStudioVersion = 16.0.30503.244
MinimumVisualStudioVersion = 10.0.40219.1
Project("{2150E333-8FDC-42A3-9474-1A3956D46DE8}") = "Solution Items", "Solution Items", "{38D5599E-F411-4A4B-B633-ED48A6A1032A}"
	ProjectSection(SolutionItems) = preProject
		.gitignore = .gitignore
		LICENSE = LICENSE
		README.md = README.md
	EndProjectSection
EndProject
Project("{2150E333-8FDC-42A3-9474-1A3956D46DE8}") = "Tasks", "Tasks", "{ABF1C711-D775-48C8-8182-F30B2A0AB4DC}"
EndProject
Project("{9A19103F-16F7-4668-BE54-9A1E7A4F7556}") = "TeachMeSkills.DotNet.Task1", "src\TeachMeSkills.DotNet.Task1\TeachMeSkills.DotNet.Task1.csproj", "{D866C99C-33BC-4FA1-96A6-CDC363CA6B60}"
EndProject
Project("{9A19103F-16F7-4668-BE54-9A1E7A4F7556}") = "TeachMeSkills.DotNet.Task2", "src\TeachMeSkills.DotNet.Task2\TeachMeSkills.DotNet.Task2.csproj", "{57049369-AA41-413C-8984-16F8DDAC69FE}"
EndProject
Project("{9A19103F-16F7-4668-BE54-9A1E7A4F7556}") = "eachMeSkills.DotNet.Task3", "src\eachMeSkills.DotNet.Task3\eachMeSkills.DotNet.Task3.csproj", "{D4BD4AF8-B54B-4951-9CD0-A7EBA23D6798}"
EndProject
Project("{9A19103F-16F7-4668-BE54-9A1E7A4F7556}") = "TeachMeSkills.DotNet.Task 4", "src\TeachMeSkills.DotNet.Task 4\TeachMeSkills.DotNet.Task 4.csproj", "{B1130B7A-E7DE-453B-B480-E4260D0FFD2C}"
EndProject
Project("{9A19103F-16F7-4668-BE54-9A1E7A4F7556}") = "TeachMeSkills.DotNet.Task5", "src\TeachMeSkills.DotNet.Task5\TeachMeSkills.DotNet.Task5.csproj", "{42DB3750-9437-4A61-AF35-77279A078DD3}"
EndProject
Project("{9A19103F-16F7-4668-BE54-9A1E7A4F7556}") = "TeachMeSkills.DotNet.Task6", "src\TeachMeSkills.DotNet.Task6\TeachMeSkills.DotNet.Task6.csproj", "{44666EE5-AEB1-4E14-AC41-5F9ECB6712C0}"
EndProject
Project("{9A19103F-16F7-4668-BE54-9A1E7A4F7556}") = "TeachMeSkills.DotNet. Task7", "src\TeachMeSkills.DotNet. Task7\TeachMeSkills.DotNet. Task7.csproj", "{B3E054BD-FAC4-490E-B356-09A68FBB0E7E}"
EndProject
Project("{9A19103F-16F7-4668-BE54-9A1E7A4F7556}") = "TeachMeSkills.DotNet. Task 8", "src\TeachMeSkills.DotNet. Task 8\TeachMeSkills.DotNet. Task 8.csproj", "{BF5C445A-1B1E-4BFE-9B43-2AA1A4D07990}"
EndProject
Project("{9A19103F-16F7-4668-BE54-9A1E7A4F7556}") = "TeachMeSkills.DotNet.Task9", "src\TeachMeSkills.DotNet.Task9\TeachMeSkills.DotNet.Task9.csproj", "{B187047E-1C13-4870-B955-F20D42E22642}"
EndProject
Project("{9A19103F-16F7-4668-BE54-9A1E7A4F7556}") = "TeachMeSkills.DotNet. Task 10", "src\TeachMeSkills.DotNet. Task 10\TeachMeSkills.DotNet. Task 10.csproj", "{C89732FC-A3CE-4FBF-B1AD-F03295CD553A}"
EndProject
Project("{9A19103F-16F7-4668-BE54-9A1E7A4F7556}") = "TeachMeSkills.DotNet. Task 11", "src\TeachMeSkills.DotNet. Task 11\TeachMeSkills.DotNet. Task 11.csproj", "{D17A0E50-01F3-4C5D-B728-DEF8AFA692E0}"
EndProject
Project("{9A19103F-16F7-4668-BE54-9A1E7A4F7556}") = "TeachMeSkills.DotNet. Task12", "src\TeachMeSkills.DotNet. Task12\TeachMeSkills.DotNet. Task12.csproj", "{C67C4116-7963-4FB2-AD4C-372B5DFA96E0}"
EndProject
Project("{9A19103F-16F7-4668-BE54-9A1E7A4F7556}") = "TeachMeSkills.DotNet.Task13", "src\TeachMeSkills.DotNet.Task13\TeachMeSkills.DotNet.Task13.csproj", "{FE402CEB-E162-4CEE-AB5B-E2C6641A1FBC}"
EndProject
Project("{9A19103F-16F7-4668-BE54-9A1E7A4F7556}") = "TeachMeSkills.DotNet.Task14", "src\TeachMeSkills.DotNet.Task14\TeachMeSkills.DotNet.Task14.csproj", "{DB2612A6-FABB-4CB2-9C64-C437519F7EAE}"
EndProject
Project("{9A19103F-16F7-4668-BE54-9A1E7A4F7556}") = "TeachMeSkills.DotNet.Task15", "src\TeachMeSkills.DotNet.Task15\TeachMeSkills.DotNet.Task15.csproj", "{0FE48FF5-9BB0-44D2-A583-FECBC767793D}"
EndProject
Project("{9A19103F-16F7-4668-BE54-9A1E7A4F7556}") = "TeachMeSkills.DotNet. Task16", "src\TeachMeSkills.DotNet. Task16\TeachMeSkills.DotNet. Task16.csproj", "{CFB66FFF-838B-414C-A969-708C3C065494}"
EndProject
Project("{9A19103F-16F7-4668-BE54-9A1E7A4F7556}") = "TeachMeSkills.DotNet. Task 17", "src\TeachMeSkills.DotNet. Task 17\TeachMeSkills.DotNet. Task 17.csproj", "{BA6C3594-B274-4957-B920-710E586E2E9C}"
EndProject
Project("{9A19103F-16F7-4668-BE54-9A1E7A4F7556}") = "TeachMeSkills.DotNet.Task18", "src\TeachMeSkills.DotNet.Task18\TeachMeSkills.DotNet.Task18.csproj", "{D1033FA6-2BB7-4968-8762-09DB6A9836EB}"
EndProject
Project("{9A19103F-16F7-4668-BE54-9A1E7A4F7556}") = "eachMeSkills.DotNet.Task19", "src\eachMeSkills.DotNet.Task19\eachMeSkills.DotNet.Task19.csproj", "{54DC5989-26AA-45D2-99E5-DE4EE00BC706}"
EndProject
Project("{9A19103F-16F7-4668-BE54-9A1E7A4F7556}") = "TeachMeSkills.DotNet. Task20", "src\TeachMeSkills.DotNet. Task20\TeachMeSkills.DotNet. Task20.csproj", "{0225B6F3-0B8B-4F3B-9A1A-D41DB6250EA2}"
EndProject
Project("{9A19103F-16F7-4668-BE54-9A1E7A4F7556}") = "TeachMeSkills.DotNet.Task 21", "src\TeachMeSkills.DotNet.Task 21\TeachMeSkills.DotNet.Task 21.csproj", "{A869F460-9E00-473B-825F-FD2B7E4B07FE}"
EndProject
Project("{9A19103F-16F7-4668-BE54-9A1E7A4F7556}") = "TeachMeSkills.DotNet.Task22", "src\TeachMeSkills.DotNet.Task22\TeachMeSkills.DotNet.Task22.csproj", "{8D04DE85-CE15-4860-B858-3E51869F09ED}"
EndProject
Project("{9A19103F-16F7-4668-BE54-9A1E7A4F7556}") = "TeachMeSkills.DotNet.Task 23", "src\TeachMeSkills.DotNet.Task 23\TeachMeSkills.DotNet.Task 23.csproj", "{B7A4F61B-CD00-4541-B6ED-2DAB4AC0496F}"
EndProject
Project("{FAE04EC0-301F-11D3-BF4B-00C04F79EFBC}") = "TeachMeSkills.DotNet.Task 24", "src\TeachMeSkills.DotNet.Task 24\TeachMeSkills.DotNet.Task 24.csproj", "{2EE0361E-61EF-488E-B729-4719C142B743}"
EndProject
Global
	GlobalSection(SolutionConfigurationPlatforms) = preSolution
		Debug|Any CPU = Debug|Any CPU
		Release|Any CPU = Release|Any CPU
	EndGlobalSection
	GlobalSection(ProjectConfigurationPlatforms) = postSolution
		{D866C99C-33BC-4FA1-96A6-CDC363CA6B60}.Debug|Any CPU.ActiveCfg = Debug|Any CPU
		{D866C99C-33BC-4FA1-96A6-CDC363CA6B60}.Debug|Any CPU.Build.0 = Debug|Any CPU
		{D866C99C-33BC-4FA1-96A6-CDC363CA6B60}.Release|Any CPU.ActiveCfg = Release|Any CPU
		{D866C99C-33BC-4FA1-96A6-CDC363CA6B60}.Release|Any CPU.Build.0 = Release|Any CPU
		{57049369-AA41-413C-8984-16F8DDAC69FE}.Debug|Any CPU.ActiveCfg = Debug|Any CPU
		{57049369-AA41-413C-8984-16F8DDAC69FE}.Debug|Any CPU.Build.0 = Debug|Any CPU
		{57049369-AA41-413C-8984-16F8DDAC69FE}.Release|Any CPU.ActiveCfg = Release|Any CPU
		{57049369-AA41-413C-8984-16F8DDAC69FE}.Release|Any CPU.Build.0 = Release|Any CPU
		{D4BD4AF8-B54B-4951-9CD0-A7EBA23D6798}.Debug|Any CPU.ActiveCfg = Debug|Any CPU
		{D4BD4AF8-B54B-4951-9CD0-A7EBA23D6798}.Debug|Any CPU.Build.0 = Debug|Any CPU
		{D4BD4AF8-B54B-4951-9CD0-A7EBA23D6798}.Release|Any CPU.ActiveCfg = Release|Any CPU
		{D4BD4AF8-B54B-4951-9CD0-A7EBA23D6798}.Release|Any CPU.Build.0 = Release|Any CPU
		{B1130B7A-E7DE-453B-B480-E4260D0FFD2C}.Debug|Any CPU.ActiveCfg = Debug|Any CPU
		{B1130B7A-E7DE-453B-B480-E4260D0FFD2C}.Debug|Any CPU.Build.0 = Debug|Any CPU
		{B1130B7A-E7DE-453B-B480-E4260D0FFD2C}.Release|Any CPU.ActiveCfg = Release|Any CPU
		{B1130B7A-E7DE-453B-B480-E4260D0FFD2C}.Release|Any CPU.Build.0 = Release|Any CPU
		{42DB3750-9437-4A61-AF35-77279A078DD3}.Debug|Any CPU.ActiveCfg = Debug|Any CPU
		{42DB3750-9437-4A61-AF35-77279A078DD3}.Debug|Any CPU.Build.0 = Debug|Any CPU
		{42DB3750-9437-4A61-AF35-77279A078DD3}.Release|Any CPU.ActiveCfg = Release|Any CPU
		{42DB3750-9437-4A61-AF35-77279A078DD3}.Release|Any CPU.Build.0 = Release|Any CPU
		{44666EE5-AEB1-4E14-AC41-5F9ECB6712C0}.Debug|Any CPU.ActiveCfg = Debug|Any CPU
		{44666EE5-AEB1-4E14-AC41-5F9ECB6712C0}.Debug|Any CPU.Build.0 = Debug|Any CPU
		{44666EE5-AEB1-4E14-AC41-5F9ECB6712C0}.Release|Any CPU.ActiveCfg = Release|Any CPU
		{44666EE5-AEB1-4E14-AC41-5F9ECB6712C0}.Release|Any CPU.Build.0 = Release|Any CPU
		{B3E054BD-FAC4-490E-B356-09A68FBB0E7E}.Debug|Any CPU.ActiveCfg = Debug|Any CPU
		{B3E054BD-FAC4-490E-B356-09A68FBB0E7E}.Debug|Any CPU.Build.0 = Debug|Any CPU
		{B3E054BD-FAC4-490E-B356-09A68FBB0E7E}.Release|Any CPU.ActiveCfg = Release|Any CPU
		{B3E054BD-FAC4-490E-B356-09A68FBB0E7E}.Release|Any CPU.Build.0 = Release|Any CPU
		{BF5C445A-1B1E-4BFE-9B43-2AA1A4D07990}.Debug|Any CPU.ActiveCfg = Debug|Any CPU
		{BF5C445A-1B1E-4BFE-9B43-2AA1A4D07990}.Debug|Any CPU.Build.0 = Debug|Any CPU
		{BF5C445A-1B1E-4BFE-9B43-2AA1A4D07990}.Release|Any CPU.ActiveCfg = Release|Any CPU
		{BF5C445A-1B1E-4BFE-9B43-2AA1A4D07990}.Release|Any CPU.Build.0 = Release|Any CPU
		{B187047E-1C13-4870-B955-F20D42E22642}.Debug|Any CPU.ActiveCfg = Debug|Any CPU
		{B187047E-1C13-4870-B955-F20D42E22642}.Debug|Any CPU.Build.0 = Debug|Any CPU
		{B187047E-1C13-4870-B955-F20D42E22642}.Release|Any CPU.ActiveCfg = Release|Any CPU
		{B187047E-1C13-4870-B955-F20D42E22642}.Release|Any CPU.Build.0 = Release|Any CPU
		{C89732FC-A3CE-4FBF-B1AD-F03295CD553A}.Debug|Any CPU.ActiveCfg = Debug|Any CPU
		{C89732FC-A3CE-4FBF-B1AD-F03295CD553A}.Debug|Any CPU.Build.0 = Debug|Any CPU
		{C89732FC-A3CE-4FBF-B1AD-F03295CD553A}.Release|Any CPU.ActiveCfg = Release|Any CPU
		{C89732FC-A3CE-4FBF-B1AD-F03295CD553A}.Release|Any CPU.Build.0 = Release|Any CPU
		{D17A0E50-01F3-4C5D-B728-DEF8AFA692E0}.Debug|Any CPU.ActiveCfg = Debug|Any CPU
		{D17A0E50-01F3-4C5D-B728-DEF8AFA692E0}.Debug|Any CPU.Build.0 = Debug|Any CPU
		{D17A0E50-01F3-4C5D-B728-DEF8AFA692E0}.Release|Any CPU.ActiveCfg = Release|Any CPU
		{D17A0E50-01F3-4C5D-B728-DEF8AFA692E0}.Release|Any CPU.Build.0 = Release|Any CPU
		{C67C4116-7963-4FB2-AD4C-372B5DFA96E0}.Debug|Any CPU.ActiveCfg = Debug|Any CPU
		{C67C4116-7963-4FB2-AD4C-372B5DFA96E0}.Debug|Any CPU.Build.0 = Debug|Any CPU
		{C67C4116-7963-4FB2-AD4C-372B5DFA96E0}.Release|Any CPU.ActiveCfg = Release|Any CPU
		{C67C4116-7963-4FB2-AD4C-372B5DFA96E0}.Release|Any CPU.Build.0 = Release|Any CPU
		{FE402CEB-E162-4CEE-AB5B-E2C6641A1FBC}.Debug|Any CPU.ActiveCfg = Debug|Any CPU
		{FE402CEB-E162-4CEE-AB5B-E2C6641A1FBC}.Debug|Any CPU.Build.0 = Debug|Any CPU
		{FE402CEB-E162-4CEE-AB5B-E2C6641A1FBC}.Release|Any CPU.ActiveCfg = Release|Any CPU
		{FE402CEB-E162-4CEE-AB5B-E2C6641A1FBC}.Release|Any CPU.Build.0 = Release|Any CPU
		{DB2612A6-FABB-4CB2-9C64-C437519F7EAE}.Debug|Any CPU.ActiveCfg = Debug|Any CPU
		{DB2612A6-FABB-4CB2-9C64-C437519F7EAE}.Debug|Any CPU.Build.0 = Debug|Any CPU
		{DB2612A6-FABB-4CB2-9C64-C437519F7EAE}.Release|Any CPU.ActiveCfg = Release|Any CPU
		{DB2612A6-FABB-4CB2-9C64-C437519F7EAE}.Release|Any CPU.Build.0 = Release|Any CPU
		{0FE48FF5-9BB0-44D2-A583-FECBC767793D}.Debug|Any CPU.ActiveCfg = Debug|Any CPU
		{0FE48FF5-9BB0-44D2-A583-FECBC767793D}.Debug|Any CPU.Build.0 = Debug|Any CPU
		{0FE48FF5-9BB0-44D2-A583-FECBC767793D}.Release|Any CPU.ActiveCfg = Release|Any CPU
		{0FE48FF5-9BB0-44D2-A583-FECBC767793D}.Release|Any CPU.Build.0 = Release|Any CPU
		{CFB66FFF-838B-414C-A969-708C3C065494}.Debug|Any CPU.ActiveCfg = Debug|Any CPU
		{CFB66FFF-838B-414C-A969-708C3C065494}.Debug|Any CPU.Build.0 = Debug|Any CPU
		{CFB66FFF-838B-414C-A969-708C3C065494}.Release|Any CPU.ActiveCfg = Release|Any CPU
		{CFB66FFF-838B-414C-A969-708C3C065494}.Release|Any CPU.Build.0 = Release|Any CPU
		{BA6C3594-B274-4957-B920-710E586E2E9C}.Debug|Any CPU.ActiveCfg = Debug|Any CPU
		{BA6C3594-B274-4957-B920-710E586E2E9C}.Debug|Any CPU.Build.0 = Debug|Any CPU
		{BA6C3594-B274-4957-B920-710E586E2E9C}.Release|Any CPU.ActiveCfg = Release|Any CPU
		{BA6C3594-B274-4957-B920-710E586E2E9C}.Release|Any CPU.Build.0 = Release|Any CPU
		{D1033FA6-2BB7-4968-8762-09DB6A9836EB}.Debug|Any CPU.ActiveCfg = Debug|Any CPU
		{D1033FA6-2BB7-4968-8762-09DB6A9836EB}.Debug|Any CPU.Build.0 = Debug|Any CPU
		{D1033FA6-2BB7-4968-8762-09DB6A9836EB}.Release|Any CPU.ActiveCfg = Release|Any CPU
		{D1033FA6-2BB7-4968-8762-09DB6A9836EB}.Release|Any CPU.Build.0 = Release|Any CPU
		{54DC5989-26AA-45D2-99E5-DE4EE00BC706}.Debug|Any CPU.ActiveCfg = Debug|Any CPU
		{54DC5989-26AA-45D2-99E5-DE4EE00BC706}.Debug|Any CPU.Build.0 = Debug|Any CPU
		{54DC5989-26AA-45D2-99E5-DE4EE00BC706}.Release|Any CPU.ActiveCfg = Release|Any CPU
		{54DC5989-26AA-45D2-99E5-DE4EE00BC706}.Release|Any CPU.Build.0 = Release|Any CPU
		{0225B6F3-0B8B-4F3B-9A1A-D41DB6250EA2}.Debug|Any CPU.ActiveCfg = Debug|Any CPU
		{0225B6F3-0B8B-4F3B-9A1A-D41DB6250EA2}.Debug|Any CPU.Build.0 = Debug|Any CPU
		{0225B6F3-0B8B-4F3B-9A1A-D41DB6250EA2}.Release|Any CPU.ActiveCfg = Release|Any CPU
		{0225B6F3-0B8B-4F3B-9A1A-D41DB6250EA2}.Release|Any CPU.Build.0 = Release|Any CPU
		{A869F460-9E00-473B-825F-FD2B7E4B07FE}.Debug|Any CPU.ActiveCfg = Debug|Any CPU
		{A869F460-9E00-473B-825F-FD2B7E4B07FE}.Debug|Any CPU.Build.0 = Debug|Any CPU
		{A869F460-9E00-473B-825F-FD2B7E4B07FE}.Release|Any CPU.ActiveCfg = Release|Any CPU
		{A869F460-9E00-473B-825F-FD2B7E4B07FE}.Release|Any CPU.Build.0 = Release|Any CPU
		{8D04DE85-CE15-4860-B858-3E51869F09ED}.Debug|Any CPU.ActiveCfg = Debug|Any CPU
		{8D04DE85-CE15-4860-B858-3E51869F09ED}.Debug|Any CPU.Build.0 = Debug|Any CPU
		{8D04DE85-CE15-4860-B858-3E51869F09ED}.Release|Any CPU.ActiveCfg = Release|Any CPU
		{8D04DE85-CE15-4860-B858-3E51869F09ED}.Release|Any CPU.Build.0 = Release|Any CPU
		{B7A4F61B-CD00-4541-B6ED-2DAB4AC0496F}.Debug|Any CPU.ActiveCfg = Debug|Any CPU
		{B7A4F61B-CD00-4541-B6ED-2DAB4AC0496F}.Debug|Any CPU.Build.0 = Debug|Any CPU
		{B7A4F61B-CD00-4541-B6ED-2DAB4AC0496F}.Release|Any CPU.ActiveCfg = Release|Any CPU
		{B7A4F61B-CD00-4541-B6ED-2DAB4AC0496F}.Release|Any CPU.Build.0 = Release|Any CPU
		{2EE0361E-61EF-488E-B729-4719C142B743}.Debug|Any CPU.ActiveCfg = Debug|Any CPU
		{2EE0361E-61EF-488E-B729-4719C142B743}.Debug|Any CPU.Build.0 = Debug|Any CPU
		{2EE0361E-61EF-488E-B729-4719C142B743}.Release|Any CPU.ActiveCfg = Release|Any CPU
		{2EE0361E-61EF-488E-B729-4719C142B743}.Release|Any CPU.Build.0 = Release|Any CPU
	EndGlobalSection
	GlobalSection(SolutionProperties) = preSolution
		HideSolutionNode = FALSE
	EndGlobalSection
	GlobalSection(NestedProjects) = preSolution
		{D866C99C-33BC-4FA1-96A6-CDC363CA6B60} = {ABF1C711-D775-48C8-8182-F30B2A0AB4DC}
		{57049369-AA41-413C-8984-16F8DDAC69FE} = {ABF1C711-D775-48C8-8182-F30B2A0AB4DC}
		{D4BD4AF8-B54B-4951-9CD0-A7EBA23D6798} = {ABF1C711-D775-48C8-8182-F30B2A0AB4DC}
		{B1130B7A-E7DE-453B-B480-E4260D0FFD2C} = {ABF1C711-D775-48C8-8182-F30B2A0AB4DC}
		{42DB3750-9437-4A61-AF35-77279A078DD3} = {ABF1C711-D775-48C8-8182-F30B2A0AB4DC}
		{44666EE5-AEB1-4E14-AC41-5F9ECB6712C0} = {ABF1C711-D775-48C8-8182-F30B2A0AB4DC}
		{B3E054BD-FAC4-490E-B356-09A68FBB0E7E} = {ABF1C711-D775-48C8-8182-F30B2A0AB4DC}
		{BF5C445A-1B1E-4BFE-9B43-2AA1A4D07990} = {ABF1C711-D775-48C8-8182-F30B2A0AB4DC}
		{B187047E-1C13-4870-B955-F20D42E22642} = {ABF1C711-D775-48C8-8182-F30B2A0AB4DC}
		{C89732FC-A3CE-4FBF-B1AD-F03295CD553A} = {ABF1C711-D775-48C8-8182-F30B2A0AB4DC}
		{D17A0E50-01F3-4C5D-B728-DEF8AFA692E0} = {ABF1C711-D775-48C8-8182-F30B2A0AB4DC}
		{C67C4116-7963-4FB2-AD4C-372B5DFA96E0} = {ABF1C711-D775-48C8-8182-F30B2A0AB4DC}
		{FE402CEB-E162-4CEE-AB5B-E2C6641A1FBC} = {ABF1C711-D775-48C8-8182-F30B2A0AB4DC}
		{DB2612A6-FABB-4CB2-9C64-C437519F7EAE} = {ABF1C711-D775-48C8-8182-F30B2A0AB4DC}
		{0FE48FF5-9BB0-44D2-A583-FECBC767793D} = {ABF1C711-D775-48C8-8182-F30B2A0AB4DC}
		{CFB66FFF-838B-414C-A969-708C3C065494} = {ABF1C711-D775-48C8-8182-F30B2A0AB4DC}
		{BA6C3594-B274-4957-B920-710E586E2E9C} = {ABF1C711-D775-48C8-8182-F30B2A0AB4DC}
		{D1033FA6-2BB7-4968-8762-09DB6A9836EB} = {ABF1C711-D775-48C8-8182-F30B2A0AB4DC}
		{54DC5989-26AA-45D2-99E5-DE4EE00BC706} = {ABF1C711-D775-48C8-8182-F30B2A0AB4DC}
		{0225B6F3-0B8B-4F3B-9A1A-D41DB6250EA2} = {ABF1C711-D775-48C8-8182-F30B2A0AB4DC}
		{A869F460-9E00-473B-825F-FD2B7E4B07FE} = {ABF1C711-D775-48C8-8182-F30B2A0AB4DC}
		{8D04DE85-CE15-4860-B858-3E51869F09ED} = {ABF1C711-D775-48C8-8182-F30B2A0AB4DC}
		{B7A4F61B-CD00-4541-B6ED-2DAB4AC0496F} = {ABF1C711-D775-48C8-8182-F30B2A0AB4DC}
		{2EE0361E-61EF-488E-B729-4719C142B743} = {ABF1C711-D775-48C8-8182-F30B2A0AB4DC}
	EndGlobalSection
	GlobalSection(ExtensibilityGlobals) = postSolution
		SolutionGuid = {AB361F5D-A586-489F-BE2A-9BA764BA63B1}
	EndGlobalSection
EndGlobal
